
Microsoft Visual Studio Solution File, Format Version 12.00
# Visual Studio 15
VisualStudioVersion = 15.0.27703.2042
MinimumVisualStudioVersion = 10.0.40219.1
Project("{FAE04EC0-301F-11D3-BF4B-00C04F79EFBC}") = "PizzaServer", "PizzaServer\PizzaServer.csproj", "{A44BF12C-790A-441F-97DE-E9E19052D358}"
EndProject
Project("{FAE04EC0-301F-11D3-BF4B-00C04F79EFBC}") = "PizzaClient", "PizzaClient\PizzaClient.csproj", "{FC8CBFAA-F2F6-43C0-A504-2BA530A53282}"
EndProject
Project("{FAE04EC0-301F-11D3-BF4B-00C04F79EFBC}") = "Framework", "Framework\Framework.csproj", "{70F5DBB5-5687-4C8B-BEBB-8950B266454B}"
EndProject
Global
	GlobalSection(SolutionConfigurationPlatforms) = preSolution
		Debug|Any CPU = Debug|Any CPU
		Release|Any CPU = Release|Any CPU
	EndGlobalSection
	GlobalSection(ProjectConfigurationPlatforms) = postSolution
		{A44BF12C-790A-441F-97DE-E9E19052D358}.Debug|Any CPU.ActiveCfg = Debug|Any CPU
		{A44BF12C-790A-441F-97DE-E9E19052D358}.Debug|Any CPU.Build.0 = Debug|Any CPU
		{A44BF12C-790A-441F-97DE-E9E19052D358}.Release|Any CPU.ActiveCfg = Release|Any CPU
		{A44BF12C-790A-441F-97DE-E9E19052D358}.Release|Any CPU.Build.0 = Release|Any CPU
		{FC8CBFAA-F2F6-43C0-A504-2BA530A53282}.Debug|Any CPU.ActiveCfg = Debug|Any CPU
		{FC8CBFAA-F2F6-43C0-A504-2BA530A53282}.Debug|Any CPU.Build.0 = Debug|Any CPU
		{FC8CBFAA-F2F6-43C0-A504-2BA530A53282}.Release|Any CPU.ActiveCfg = Release|Any CPU
		{FC8CBFAA-F2F6-43C0-A504-2BA530A53282}.Release|Any CPU.Build.0 = Release|Any CPU
		{70F5DBB5-5687-4C8B-BEBB-8950B266454B}.Debug|Any CPU.ActiveCfg = Debug|Any CPU
		{70F5DBB5-5687-4C8B-BEBB-8950B266454B}.Debug|Any CPU.Build.0 = Debug|Any CPU
		{70F5DBB5-5687-4C8B-BEBB-8950B266454B}.Release|Any CPU.ActiveCfg = Release|Any CPU
		{70F5DBB5-5687-4C8B-BEBB-8950B266454B}.Release|Any CPU.Build.0 = Release|Any CPU
	EndGlobalSection
	GlobalSection(SolutionProperties) = preSolution
		HideSolutionNode = FALSE
	EndGlobalSection
	GlobalSection(ExtensibilityGlobals) = postSolution
		SolutionGuid = {21ABE5BB-3820-42E9-A7EC-51425BDF869D}
	EndGlobalSection
EndGlobal
